
Microsoft Visual Studio Solution File, Format Version 12.00
# Visual Studio Version 17
VisualStudioVersion = 17.4.33213.308
MinimumVisualStudioVersion = 10.0.40219.1
Project("{F2A71F9B-5D33-465A-A702-920D77279786}") = "ProInvoice", "ProInvoice\ProInvoice.fsproj", "{4A0A16F1-B18D-4AF3-BC1B-8EE4F91BFF93}"
EndProject
Global
	GlobalSection(SolutionConfigurationPlatforms) = preSolution
		Debug|Any CPU = Debug|Any CPU
		Release|Any CPU = Release|Any CPU
	EndGlobalSection
	GlobalSection(ProjectConfigurationPlatforms) = postSolution
		{4A0A16F1-B18D-4AF3-BC1B-8EE4F91BFF93}.Debug|Any CPU.ActiveCfg = Debug|Any CPU
		{4A0A16F1-B18D-4AF3-BC1B-8EE4F91BFF93}.Debug|Any CPU.Build.0 = Debug|Any CPU
		{4A0A16F1-B18D-4AF3-BC1B-8EE4F91BFF93}.Release|Any CPU.ActiveCfg = Release|Any CPU
		{4A0A16F1-B18D-4AF3-BC1B-8EE4F91BFF93}.Release|Any CPU.Build.0 = Release|Any CPU
	EndGlobalSection
	GlobalSection(SolutionProperties) = preSolution
		HideSolutionNode = FALSE
	EndGlobalSection
	GlobalSection(ExtensibilityGlobals) = postSolution
		SolutionGuid = {3C9A1949-98A8-419D-BAB2-9D4693C42DF3}
	EndGlobalSection
EndGlobal
